github.com/google/go-cmp v0.5.9 h1:O2Tfq5qg4qc4AmwVlvv0oLiVAGB7enBSJ2x2DqQFi38=
github.com/google/go-cmp v0.5.9/go.mod h1:17dUlkBOakJ0+DkrSSNjCkIjxS6bF9zb3elmeNGIjoY=
github.com/ravener/discord-oauth2 v0.0.0-20230514095040-ae65713199b3 h1:x3LgcvujjG+mx8PUMfPmwn3tcu2aA95uCB6ilGGObWk=
github.com/ravener/discord-oauth2 v0.0.0-20230514095040-ae65713199b3/go.mod h1:P/mZMYLZ87lqRSECEWsOqywGrO1hlZkk9RTwEw35IP4=
golang.org/x/oauth2 v0.22.0 h1:BzDx2FehcG7jJwgWLELCdmLuxk2i+x9UDpSiss2u0ZA=
golang.org/x/oauth2 v0.22.0/go.mod h1:XYTD2NtWslqkgxebSiOHnXEap4TF09sJSc7H1sXbhtI=
